
Microsoft Visual Studio Solution File, Format Version 12.00
# Visual Studio Version 16
VisualStudioVersion = 16.0.28606.126
MinimumVisualStudioVersion = 10.0.40219.1
Project("{FAE04EC0-301F-11D3-BF4B-00C04F79EFBC}") = "SyncfusionTest.Android", "SyncfusionTest\SyncfusionTest.Android\SyncfusionTest.Android.csproj", "{B8A07BA4-6548-4157-9D2D-CBC54658FF3D}"
EndProject
Project("{FAE04EC0-301F-11D3-BF4B-00C04F79EFBC}") = "SyncfusionTest", "SyncfusionTest\SyncfusionTest\SyncfusionTest.csproj", "{347FACA7-2C3B-45D8-A4CA-688011F66FF5}"
EndProject
Global
	GlobalSection(SolutionConfigurationPlatforms) = preSolution
		Debug|Any CPU = Debug|Any CPU
		Release|Any CPU = Release|Any CPU
	EndGlobalSection
	GlobalSection(ProjectConfigurationPlatforms) = postSolution
		{B8A07BA4-6548-4157-9D2D-CBC54658FF3D}.Debug|Any CPU.ActiveCfg = Debug|Any CPU
		{B8A07BA4-6548-4157-9D2D-CBC54658FF3D}.Debug|Any CPU.Build.0 = Debug|Any CPU
		{B8A07BA4-6548-4157-9D2D-CBC54658FF3D}.Debug|Any CPU.Deploy.0 = Debug|Any CPU
		{B8A07BA4-6548-4157-9D2D-CBC54658FF3D}.Release|Any CPU.ActiveCfg = Release|Any CPU
		{B8A07BA4-6548-4157-9D2D-CBC54658FF3D}.Release|Any CPU.Build.0 = Release|Any CPU
		{B8A07BA4-6548-4157-9D2D-CBC54658FF3D}.Release|Any CPU.Deploy.0 = Release|Any CPU
		{347FACA7-2C3B-45D8-A4CA-688011F66FF5}.Debug|Any CPU.ActiveCfg = Debug|Any CPU
		{347FACA7-2C3B-45D8-A4CA-688011F66FF5}.Debug|Any CPU.Build.0 = Debug|Any CPU
		{347FACA7-2C3B-45D8-A4CA-688011F66FF5}.Debug|Any CPU.Deploy.0 = Debug|Any CPU
		{347FACA7-2C3B-45D8-A4CA-688011F66FF5}.Release|Any CPU.ActiveCfg = Release|Any CPU
		{347FACA7-2C3B-45D8-A4CA-688011F66FF5}.Release|Any CPU.Build.0 = Release|Any CPU
		{347FACA7-2C3B-45D8-A4CA-688011F66FF5}.Release|Any CPU.Deploy.0 = Release|Any CPU
	EndGlobalSection
	GlobalSection(SolutionProperties) = preSolution
		HideSolutionNode = FALSE
	EndGlobalSection
	GlobalSection(ExtensibilityGlobals) = postSolution
		SolutionGuid = {97639588-8200-4292-A075-983459EB5477}
	EndGlobalSection
EndGlobal
